dependencies:
- name: postgresql
  repository: https://charts.bitnami.com/bitnami
  version: 16.7.5
- name: weaviate
  repository: https://weaviate.github.io/weaviate-helm
  version: 17.4.5
- name: langfuse
  repository: https://langfuse.github.io/langfuse-k8s
  version: 1.2.15
digest: sha256:6cdcd46c09c543931d8fc4cdd7e7db8d1bd27ef4d93d67520d07e4f9c6456bc3
generated: "2025-06-04T23:12:02.109923+08:00"
