dependencies:
- name: postgresql
  repository: https://charts.bitnami.com/bitnami
  version: 16.7.5
- name: weaviate
  repository: https://weaviate.github.io/weaviate-helm
  version: 17.4.5
digest: sha256:52cb3200b974b733334640fdf577d5c8fe0c9a2faf6127035b6caaefdd2d1ea0
generated: "2025-05-29T11:35:52.548722+08:00"
